
Microsoft Visual Studio Solution File, Format Version 12.00
# Visual Studio 15
VisualStudioVersion = 15.0.28307.421
MinimumVisualStudioVersion = 10.0.40219.1
Project("{9A19103F-16F7-4668-BE54-9A1E7A4F7556}") = "MortalEngines", "MortalEngines.csproj", "{F51DF0A9-D1FF-46CF-A5B3-B3E5AEC92330}"
EndProject
Global
	GlobalSection(SolutionConfigurationPlatforms) = preSolution
		Debug|Any CPU = Debug|Any CPU
		Release|Any CPU = Release|Any CPU
	EndGlobalSection
	GlobalSection(ProjectConfigurationPlatforms) = postSolution
		{F51DF0A9-D1FF-46CF-A5B3-B3E5AEC92330}.Debug|Any CPU.ActiveCfg = Debug|Any CPU
		{F51DF0A9-D1FF-46CF-A5B3-B3E5AEC92330}.Debug|Any CPU.Build.0 = Debug|Any CPU
		{F51DF0A9-D1FF-46CF-A5B3-B3E5AEC92330}.Release|Any CPU.ActiveCfg = Release|Any CPU
		{F51DF0A9-D1FF-46CF-A5B3-B3E5AEC92330}.Release|Any CPU.Build.0 = Release|Any CPU
	EndGlobalSection
	GlobalSection(SolutionProperties) = preSolution
		HideSolutionNode = FALSE
	EndGlobalSection
	GlobalSection(ExtensibilityGlobals) = postSolution
		SolutionGuid = {CF0952F8-006A-4327-B906-D6FC73811EF0}
	EndGlobalSection
EndGlobal
